
Microsoft Visual Studio Solution File, Format Version 12.00
# Visual Studio Version 17
VisualStudioVersion = 17.5.33627.172
MinimumVisualStudioVersion = 10.0.40219.1
Project("{9A19103F-16F7-4668-BE54-9A1E7A4F7556}") = "HotelListingAPI", "HotelListingAPI\HotelListingAPI.csproj", "{7484ABD4-A603-4A68-A13F-F2CA9989CD6F}"
EndProject
Global
	GlobalSection(SolutionConfigurationPlatforms) = preSolution
		Debug|Any CPU = Debug|Any CPU
		Release|Any CPU = Release|Any CPU
	EndGlobalSection
	GlobalSection(ProjectConfigurationPlatforms) = postSolution
		{7484ABD4-A603-4A68-A13F-F2CA9989CD6F}.Debug|Any CPU.ActiveCfg = Debug|Any CPU
		{7484ABD4-A603-4A68-A13F-F2CA9989CD6F}.Debug|Any CPU.Build.0 = Debug|Any CPU
		{7484ABD4-A603-4A68-A13F-F2CA9989CD6F}.Release|Any CPU.ActiveCfg = Release|Any CPU
		{7484ABD4-A603-4A68-A13F-F2CA9989CD6F}.Release|Any CPU.Build.0 = Release|Any CPU
	EndGlobalSection
	GlobalSection(SolutionProperties) = preSolution
		HideSolutionNode = FALSE
	EndGlobalSection
	GlobalSection(ExtensibilityGlobals) = postSolution
		SolutionGuid = {14365872-DD2B-4A23-9109-0BF25EB3795A}
	EndGlobalSection
EndGlobal
